
Microsoft Visual Studio Solution File, Format Version 12.00
# Visual Studio Version 16
VisualStudioVersion = 16.0.29001.49
MinimumVisualStudioVersion = 10.0.40219.1
Project("{FAE04EC0-301F-11D3-BF4B-00C04F79EFBC}") = "predicted output", "predicted output\predicted output.csproj", "{D9EF026F-D013-4752-844E-AEE9304DB493}"
EndProject
Global
	GlobalSection(SolutionConfigurationPlatforms) = preSolution
		Debug|Any CPU = Debug|Any CPU
		Release|Any CPU = Release|Any CPU
	EndGlobalSection
	GlobalSection(ProjectConfigurationPlatforms) = postSolution
		{D9EF026F-D013-4752-844E-AEE9304DB493}.Debug|Any CPU.ActiveCfg = Debug|Any CPU
		{D9EF026F-D013-4752-844E-AEE9304DB493}.Debug|Any CPU.Build.0 = Debug|Any CPU
		{D9EF026F-D013-4752-844E-AEE9304DB493}.Release|Any CPU.ActiveCfg = Release|Any CPU
		{D9EF026F-D013-4752-844E-AEE9304DB493}.Release|Any CPU.Build.0 = Release|Any CPU
	EndGlobalSection
	GlobalSection(SolutionProperties) = preSolution
		HideSolutionNode = FALSE
	EndGlobalSection
	GlobalSection(ExtensibilityGlobals) = postSolution
		SolutionGuid = {8AB8BE0C-BF75-4D4C-946B-57F3F955E22F}
	EndGlobalSection
EndGlobal
